
Microsoft Visual Studio Solution File, Format Version 12.00
# Visual Studio Version 17
VisualStudioVersion = 17.14.36414.22 d17.14
MinimumVisualStudioVersion = 10.0.40219.1
Project("{FAE04EC0-301F-11D3-BF4B-00C04F79EFBC}") = "GettingRealNorden", "GettingRealNorden\GettingRealNorden.csproj", "{8A56F515-9F75-4498-8699-A0237BAE6625}"
EndProject
Global
	GlobalSection(SolutionConfigurationPlatforms) = preSolution
		Debug|Any CPU = Debug|Any CPU
		Release|Any CPU = Release|Any CPU
	EndGlobalSection
	GlobalSection(ProjectConfigurationPlatforms) = postSolution
		{8A56F515-9F75-4498-8699-A0237BAE6625}.Debug|Any CPU.ActiveCfg = Debug|Any CPU
		{8A56F515-9F75-4498-8699-A0237BAE6625}.Debug|Any CPU.Build.0 = Debug|Any CPU
		{8A56F515-9F75-4498-8699-A0237BAE6625}.Release|Any CPU.ActiveCfg = Release|Any CPU
		{8A56F515-9F75-4498-8699-A0237BAE6625}.Release|Any CPU.Build.0 = Release|Any CPU
	EndGlobalSection
	GlobalSection(SolutionProperties) = preSolution
		HideSolutionNode = FALSE
	EndGlobalSection
	GlobalSection(ExtensibilityGlobals) = postSolution
		SolutionGuid = {3015F239-4D71-415F-B2FB-5A4A4F8D5805}
	EndGlobalSection
EndGlobal
